// !$*UTF8*$!
{
	archiveVersion = 1;
	classes = {
	};
	objectVersion = 46;
	objects = {

/* Begin PBXBuildFile section */
		8026B31C1AAF60C5001DC66A /* CalendarTableViewController.swift in Sources */ = {isa = PBXBuildFile; fileRef = 8026B31B1AAF60C5001DC66A /* CalendarTableViewController.swift */; };
		8026B31E1AAF8BE9001DC66A /* PeopleTableViewController.swift in Sources */ = {isa = PBXBuildFile; fileRef = 8026B31D1AAF8BE9001DC66A /* PeopleTableViewController.swift */; };
		80AF31891AAC8E08006C94CE /* AppDelegate.swift in Sources */ = {isa = PBXBuildFile; fileRef = 80AF31881AAC8E08006C94CE /* AppDelegate.swift */; };
		80AF318C1AAC8E08006C94CE /* STEP_App.xcdatamodeld in Sources */ = {isa = PBXBuildFile; fileRef = 80AF318A1AAC8E08006C94CE /* STEP_App.xcdatamodeld */; };
		80AF31911AAC8E08006C94CE /* Main.storyboard in Resources */ = {isa = PBXBuildFile; fileRef = 80AF318F1AAC8E08006C94CE /* Main.storyboard */; };
		80AF31931AAC8E08006C94CE /* Images.xcassets in Resources */ = {isa = PBXBuildFile; fileRef = 80AF31921AAC8E08006C94CE /* Images.xcassets */; };
		80AF31961AAC8E08006C94CE /* LaunchScreen.xib in Resources */ = {isa = PBXBuildFile; fileRef = 80AF31941AAC8E08006C94CE /* LaunchScreen.xib */; };
		80AF31A21AAC8E08006C94CE /* STEP_AppTests.swift in Sources */ = {isa = PBXBuildFile; fileRef = 80AF31A11AAC8E08006C94CE /* STEP_AppTests.swift */; };
		80AF32041AAD1E4A006C94CE /* AnnouncementsTableViewController.swift in Sources */ = {isa = PBXBuildFile; fileRef = 80AF32031AAD1E4A006C94CE /* AnnouncementsTableViewController.swift */; };
		80AF32061AAD21CE006C94CE /* AnnoucementTableViewCell.swift in Sources */ = {isa = PBXBuildFile; fileRef = 80AF32051AAD21CE006C94CE /* AnnoucementTableViewCell.swift */; };
		80AF320C1AAD25B3006C94CE /* AudioToolbox.framework in Frameworks */ = {isa = PBXBuildFile; fileRef = 80AF320B1AAD25B3006C94CE /* AudioToolbox.framework */; };
		80AF320E1AAD25B8006C94CE /* CFNetwork.framework in Frameworks */ = {isa = PBXBuildFile; fileRef = 80AF320D1AAD25B8006C94CE /* CFNetwork.framework */; };
		80AF32101AAD25BE006C94CE /* CoreGraphics.framework in Frameworks */ = {isa = PBXBuildFile; fileRef = 80AF320F1AAD25BE006C94CE /* CoreGraphics.framework */; };
		80AF32121AAD25C4006C94CE /* CoreLocation.framework in Frameworks */ = {isa = PBXBuildFile; fileRef = 80AF32111AAD25C4006C94CE /* CoreLocation.framework */; };
		80AF32141AAD25CA006C94CE /* MobileCoreServices.framework in Frameworks */ = {isa = PBXBuildFile; fileRef = 80AF32131AAD25CA006C94CE /* MobileCoreServices.framework */; };
		80AF32161AAD25CF006C94CE /* QuartzCore.framework in Frameworks */ = {isa = PBXBuildFile; fileRef = 80AF32151AAD25CF006C94CE /* QuartzCore.framework */; };
		80AF32181AAD25D4006C94CE /* Security.framework in Frameworks */ = {isa = PBXBuildFile; fileRef = 80AF32171AAD25D4006C94CE /* Security.framework */; };
		80AF321A1AAD25D8006C94CE /* StoreKit.framework in Frameworks */ = {isa = PBXBuildFile; fileRef = 80AF32191AAD25D8006C94CE /* StoreKit.framework */; };
		80AF321C1AAD25E3006C94CE /* SystemConfiguration.framework in Frameworks */ = {isa = PBXBuildFile; fileRef = 80AF321B1AAD25E3006C94CE /* SystemConfiguration.framework */; };
		80AF321E1AAD25EA006C94CE /* libz.dylib in Frameworks */ = {isa = PBXBuildFile; fileRef = 80AF321D1AAD25EA006C94CE /* libz.dylib */; };
		80AF32201AAD25EF006C94CE /* libsqlite3.dylib in Frameworks */ = {isa = PBXBuildFile; fileRef = 80AF321F1AAD25EF006C94CE /* libsqlite3.dylib */; };
		80AF326E1AADF164006C94CE /* SWRevealViewController.m in Sources */ = {isa = PBXBuildFile; fileRef = 80AF326D1AADF164006C94CE /* SWRevealViewController.m */; };
		80AF32731AAE00DC006C94CE /* AdminTableViewController.swift in Sources */ = {isa = PBXBuildFile; fileRef = 80AF32721AAE00DC006C94CE /* AdminTableViewController.swift */; };
		80AF32751AAE08D9006C94CE /* SideMenuTableViewController.swift in Sources */ = {isa = PBXBuildFile; fileRef = 80AF32741AAE08D9006C94CE /* SideMenuTableViewController.swift */; };
		80AF327D1AAE3E14006C94CE /* PostAnnouncementTableViewController.swift in Sources */ = {isa = PBXBuildFile; fileRef = 80AF327C1AAE3E14006C94CE /* PostAnnouncementTableViewController.swift */; };
		80B34B7D1AB64A2600D0AABF /* CalendarTableViewCell.swift in Sources */ = {isa = PBXBuildFile; fileRef = 80B34B7C1AB64A2600D0AABF /* CalendarTableViewCell.swift */; };
		80C2E8DF1AAEAA47000C4CA6 /* Bolts.framework in Frameworks */ = {isa = PBXBuildFile; fileRef = 80C2E8DD1AAEAA47000C4CA6 /* Bolts.framework */; };
		80C2E8E01AAEAA47000C4CA6 /* Parse.framework in Frameworks */ = {isa = PBXBuildFile; fileRef = 80C2E8DE1AAEAA47000C4CA6 /* Parse.framework */; };
		80D353A41AAF44030095FFE3 /* MiscAnnouncementTableViewCell.swift in Sources */ = {isa = PBXBuildFile; fileRef = 80D353A31AAF44030095FFE3 /* MiscAnnouncementTableViewCell.swift */; };
		80D6638D1AAE7B7C00433C79 /* AnnouncementsConentTableViewController.swift in Sources */ = {isa = PBXBuildFile; fileRef = 80D6638C1AAE7B7C00433C79 /* AnnouncementsConentTableViewController.swift */; };
		80D6638F1AAE7E5600433C79 /* MiscAnnouncementsTableViewController.swift in Sources */ = {isa = PBXBuildFile; fileRef = 80D6638E1AAE7E5600433C79 /* MiscAnnouncementsTableViewController.swift */; };
		80D663911AAE805900433C79 /* Announcement.swift in Sources */ = {isa = PBXBuildFile; fileRef = 80D663901AAE805900433C79 /* Announcement.swift */; };
		80DD6E211AAF1132001D4479 /* MiscPostTableViewController.swift in Sources */ = {isa = PBXBuildFile; fileRef = 80DD6E201AAF1132001D4479 /* MiscPostTableViewController.swift */; };
/* End PBXBuildFile section */

/* Begin PBXContainerItemProxy section */
		80AF319C1AAC8E08006C94CE /* PBXContainerItemProxy */ = {
			isa = PBXContainerItemProxy;
			containerPortal = 80AF317B1AAC8E08006C94CE /* Project object */;
			proxyType = 1;
			remoteGlobalIDString = 80AF31821AAC8E08006C94CE;
			remoteInfo = "STEP App";
		};
/* End PBXContainerItemProxy section */

/* Begin PBXFileReference section */
		8026B31B1AAF60C5001DC66A /* CalendarTableViewController.swift */ = {isa = PBXFileReference; fileEncoding = 4; lastKnownFileType = sourcecode.swift; path = CalendarTableViewController.swift; sourceTree = "<group>"; };
		8026B31D1AAF8BE9001DC66A /* PeopleTableViewController.swift */ = {isa = PBXFileReference; fileEncoding = 4; lastKnownFileType = sourcecode.swift; path = PeopleTableViewController.swift; sourceTree = "<group>"; };
		80AF31831AAC8E08006C94CE /* STEP App.app */ = {isa = PBXFileReference; explicitFileType = wrapper.application; includeInIndex = 0; path = "STEP App.app"; sourceTree = BUILT_PRODUCTS_DIR; };
		80AF31871AAC8E08006C94CE /* Info.plist */ = {isa = PBXFileReference; lastKnownFileType = text.plist.xml; path = Info.plist; sourceTree = "<group>"; };
		80AF31881AAC8E08006C94CE /* AppDelegate.swift */ = {isa = PBXFileReference; lastKnownFileType = sourcecode.swift; path = AppDelegate.swift; sourceTree = "<group>"; };
		80AF318B1AAC8E08006C94CE /* STEP_App.xcdatamodel */ = {isa = PBXFileReference; lastKnownFileType = wrapper.xcdatamodel; path = STEP_App.xcdatamodel; sourceTree = "<group>"; };
		80AF31901AAC8E08006C94CE /* Base */ = {isa = PBXFileReference; lastKnownFileType = file.storyboard; name = Base; path = Base.lproj/Main.storyboard; sourceTree = "<group>"; };
		80AF31921AAC8E08006C94CE /* Images.xcassets */ = {isa = PBXFileReference; lastKnownFileType = folder.assetcatalog; path = Images.xcassets; sourceTree = "<group>"; };
		80AF31951AAC8E08006C94CE /* Base */ = {isa = PBXFileReference; lastKnownFileType = file.xib; name = Base; path = Base.lproj/LaunchScreen.xib; sourceTree = "<group>"; };
		80AF319B1AAC8E08006C94CE /* STEP AppTests.xctest */ = {isa = PBXFileReference; explicitFileType = wrapper.cfbundle; includeInIndex = 0; path = "STEP AppTests.xctest"; sourceTree = BUILT_PRODUCTS_DIR; };
		80AF31A01AAC8E08006C94CE /* Info.plist */ = {isa = PBXFileReference; lastKnownFileType = text.plist.xml; path = Info.plist; sourceTree = "<group>"; };
		80AF31A11AAC8E08006C94CE /* STEP_AppTests.swift */ = {isa = PBXFileReference; lastKnownFileType = sourcecode.swift; path = STEP_AppTests.swift; sourceTree = "<group>"; };
		80AF32031AAD1E4A006C94CE /* AnnouncementsTableViewController.swift */ = {isa = PBXFileReference; fileEncoding = 4; lastKnownFileType = sourcecode.swift; path = AnnouncementsTableViewController.swift; sourceTree = "<group>"; };
		80AF32051AAD21CE006C94CE /* AnnoucementTableViewCell.swift */ = {isa = PBXFileReference; fileEncoding = 4; lastKnownFileType = sourcecode.swift; path = AnnoucementTableViewCell.swift; sourceTree = "<group>"; };
		80AF320B1AAD25B3006C94CE /* AudioToolbox.framework */ = {isa = PBXFileReference; lastKnownFileType = wrapper.framework; name = AudioToolbox.framework; path = System/Library/Frameworks/AudioToolbox.framework; sourceTree = SDKROOT; };
		80AF320D1AAD25B8006C94CE /* CFNetwork.framework */ = {isa = PBXFileReference; lastKnownFileType = wrapper.framework; name = CFNetwork.framework; path = System/Library/Frameworks/CFNetwork.framework; sourceTree = SDKROOT; };
		80AF320F1AAD25BE006C94CE /* CoreGraphics.framework */ = {isa = PBXFileReference; lastKnownFileType = wrapper.framework; name = CoreGraphics.framework; path = System/Library/Frameworks/CoreGraphics.framework; sourceTree = SDKROOT; };
		80AF32111AAD25C4006C94CE /* CoreLocation.framework */ = {isa = PBXFileReference; lastKnownFileType = wrapper.framework; name = CoreLocation.framework; path = System/Library/Frameworks/CoreLocation.framework; sourceTree = SDKROOT; };
		80AF32131AAD25CA006C94CE /* MobileCoreServices.framework */ = {isa = PBXFileReference; lastKnownFileType = wrapper.framework; name = MobileCoreServices.framework; path = System/Library/Frameworks/MobileCoreServices.framework; sourceTree = SDKROOT; };
		80AF32151AAD25CF006C94CE /* QuartzCore.framework */ = {isa = PBXFileReference; lastKnownFileType = wrapper.framework; name = QuartzCore.framework; path = System/Library/Frameworks/QuartzCore.framework; sourceTree = SDKROOT; };
		80AF32171AAD25D4006C94CE /* Security.framework */ = {isa = PBXFileReference; lastKnownFileType = wrapper.framework; name = Security.framework; path = System/Library/Frameworks/Security.framework; sourceTree = SDKROOT; };
		80AF32191AAD25D8006C94CE /* StoreKit.framework */ = {isa = PBXFileReference; lastKnownFileType = wrapper.framework; name = StoreKit.framework; path = System/Library/Frameworks/StoreKit.framework; sourceTree = SDKROOT; };
		80AF321B1AAD25E3006C94CE /* SystemConfiguration.framework */ = {isa = PBXFileReference; lastKnownFileType = wrapper.framework; name = SystemConfiguration.framework; path = System/Library/Frameworks/SystemConfiguration.framework; sourceTree = SDKROOT; };
		80AF321D1AAD25EA006C94CE /* libz.dylib */ = {isa = PBXFileReference; lastKnownFileType = "compiled.mach-o.dylib"; name = libz.dylib; path = usr/lib/libz.dylib; sourceTree = SDKROOT; };
		80AF321F1AAD25EF006C94CE /* libsqlite3.dylib */ = {isa = PBXFileReference; lastKnownFileType = "compiled.mach-o.dylib"; name = libsqlite3.dylib; path = usr/lib/libsqlite3.dylib; sourceTree = SDKROOT; };
		80AF326C1AADF164006C94CE /* SWRevealViewController.h */ = {isa = PBXFileReference; fileEncoding = 4; lastKnownFileType = sourcecode.c.h; path = SWRevealViewController.h; sourceTree = "<group>"; };
		80AF326D1AADF164006C94CE /* SWRevealViewController.m */ = {isa = PBXFileReference; fileEncoding = 4; lastKnownFileType = sourcecode.c.objc; path = SWRevealViewController.m; sourceTree = "<group>"; };
		80AF32721AAE00DC006C94CE /* AdminTableViewController.swift */ = {isa = PBXFileReference; fileEncoding = 4; lastKnownFileType = sourcecode.swift; path = AdminTableViewController.swift; sourceTree = "<group>"; };
		80AF32741AAE08D9006C94CE /* SideMenuTableViewController.swift */ = {isa = PBXFileReference; fileEncoding = 4; lastKnownFileType = sourcecode.swift; path = SideMenuTableViewController.swift; sourceTree = "<group>"; };
		80AF327C1AAE3E14006C94CE /* PostAnnouncementTableViewController.swift */ = {isa = PBXFileReference; fileEncoding = 4; lastKnownFileType = sourcecode.swift; path = PostAnnouncementTableViewController.swift; sourceTree = "<group>"; };
		80AF32821AAE5AA6006C94CE /* STEP App-Bridging-Header.h */ = {isa = PBXFileReference; lastKnownFileType = sourcecode.c.h; path = "STEP App-Bridging-Header.h"; sourceTree = "<group>"; };
		80B34B7C1AB64A2600D0AABF /* CalendarTableViewCell.swift */ = {isa = PBXFileReference; fileEncoding = 4; lastKnownFileType = sourcecode.swift; path = CalendarTableViewCell.swift; sourceTree = "<group>"; };
		80C2E8DD1AAEAA47000C4CA6 /* Bolts.framework */ = {isa = PBXFileReference; lastKnownFileType = wrapper.framework; name = Bolts.framework; path = "parse-library-1.6.4/Bolts.framework"; sourceTree = "<group>"; };
		80C2E8DE1AAEAA47000C4CA6 /* Parse.framework */ = {isa = PBXFileReference; lastKnownFileType = wrapper.framework; name = Parse.framework; path = "parse-library-1.6.4/Parse.framework"; sourceTree = "<group>"; };
		80D353A31AAF44030095FFE3 /* MiscAnnouncementTableViewCell.swift */ = {isa = PBXFileReference; fileEncoding = 4; lastKnownFileType = sourcecode.swift; path = MiscAnnouncementTableViewCell.swift; sourceTree = "<group>"; };
		80D6638C1AAE7B7C00433C79 /* AnnouncementsConentTableViewController.swift */ = {isa = PBXFileReference; fileEncoding = 4; lastKnownFileType = sourcecode.swift; path = AnnouncementsConentTableViewController.swift; sourceTree = "<group>"; };
		80D6638E1AAE7E5600433C79 /* MiscAnnouncementsTableViewController.swift */ = {isa = PBXFileReference; fileEncoding = 4; lastKnownFileType = sourcecode.swift; path = MiscAnnouncementsTableViewController.swift; sourceTree = "<group>"; };
		80D663901AAE805900433C79 /* Announcement.swift */ = {isa = PBXFileReference; fileEncoding = 4; lastKnownFileType = sourcecode.swift; path = Announcement.swift; sourceTree = "<group>"; };
		80DD6E201AAF1132001D4479 /* MiscPostTableViewController.swift */ = {isa = PBXFileReference; fileEncoding = 4; lastKnownFileType = sourcecode.swift; path = MiscPostTableViewController.swift; sourceTree = "<group>"; };
/* End PBXFileReference section */

/* Begin PBXFrameworksBuildPhase section */
		80AF31801AAC8E08006C94CE /* Frameworks */ = {
			isa = PBXFrameworksBuildPhase;
			buildActionMask = 2147483647;
			files = (
				80C2E8DF1AAEAA47000C4CA6 /* Bolts.framework in Frameworks */,
				80C2E8E01AAEAA47000C4CA6 /* Parse.framework in Frameworks */,
				80AF32201AAD25EF006C94CE /* libsqlite3.dylib in Frameworks */,
				80AF321E1AAD25EA006C94CE /* libz.dylib in Frameworks */,
				80AF321C1AAD25E3006C94CE /* SystemConfiguration.framework in Frameworks */,
				80AF321A1AAD25D8006C94CE /* StoreKit.framework in Frameworks */,
				80AF32181AAD25D4006C94CE /* Security.framework in Frameworks */,
				80AF32161AAD25CF006C94CE /* QuartzCore.framework in Frameworks */,
				80AF32141AAD25CA006C94CE /* MobileCoreServices.framework in Frameworks */,
				80AF32121AAD25C4006C94CE /* CoreLocation.framework in Frameworks */,
				80AF32101AAD25BE006C94CE /* CoreGraphics.framework in Frameworks */,
				80AF320E1AAD25B8006C94CE /* CFNetwork.framework in Frameworks */,
				80AF320C1AAD25B3006C94CE /* AudioToolbox.framework in Frameworks */,
			);
			runOnlyForDeploymentPostprocessing = 0;
		};
		80AF31981AAC8E08006C94CE /* Frameworks */ = {
			isa = PBXFrameworksBuildPhase;
			buildActionMask = 2147483647;
			files = (
			);
			runOnlyForDeploymentPostprocessing = 0;
		};
/* End PBXFrameworksBuildPhase section */

/* Begin PBXGroup section */
		8026B31A1AAF60A7001DC66A /* Calendar */ = {
			isa = PBXGroup;
			children = (
				8026B31B1AAF60C5001DC66A /* CalendarTableViewController.swift */,
				80B34B7C1AB64A2600D0AABF /* CalendarTableViewCell.swift */,
			);
			name = Calendar;
			sourceTree = "<group>";
		};
		8026B31F1AAF8BEE001DC66A /* People */ = {
			isa = PBXGroup;
			children = (
				8026B31D1AAF8BE9001DC66A /* PeopleTableViewController.swift */,
			);
			name = People;
			sourceTree = "<group>";
		};
		804B23891AAF1BE80008EE81 /* Announcements */ = {
			isa = PBXGroup;
			children = (
				80AF32031AAD1E4A006C94CE /* AnnouncementsTableViewController.swift */,
				80AF32051AAD21CE006C94CE /* AnnoucementTableViewCell.swift */,
				80D6638C1AAE7B7C00433C79 /* AnnouncementsConentTableViewController.swift */,
				80D663901AAE805900433C79 /* Announcement.swift */,
				80D6638E1AAE7E5600433C79 /* MiscAnnouncementsTableViewController.swift */,
				80D353A31AAF44030095FFE3 /* MiscAnnouncementTableViewCell.swift */,
				80DD6E201AAF1132001D4479 /* MiscPostTableViewController.swift */,
			);
			name = Announcements;
			sourceTree = "<group>";
		};
		804B238A1AAF1C190008EE81 /* Admin */ = {
			isa = PBXGroup;
			children = (
				80AF32721AAE00DC006C94CE /* AdminTableViewController.swift */,
				80AF32741AAE08D9006C94CE /* SideMenuTableViewController.swift */,
				80AF327C1AAE3E14006C94CE /* PostAnnouncementTableViewController.swift */,
			);
			name = Admin;
			sourceTree = "<group>";
		};
		80AF317A1AAC8E08006C94CE = {
			isa = PBXGroup;
			children = (
				80AF31851AAC8E08006C94CE /* STEP App */,
				80AF319E1AAC8E08006C94CE /* STEP AppTests */,
				80AF31841AAC8E08006C94CE /* Products */,
			);
			sourceTree = "<group>";
		};
		80AF31841AAC8E08006C94CE /* Products */ = {
			isa = PBXGroup;
			children = (
				80AF31831AAC8E08006C94CE /* STEP App.app */,
				80AF319B1AAC8E08006C94CE /* STEP AppTests.xctest */,
			);
			name = Products;
			sourceTree = "<group>";
		};
		80AF31851AAC8E08006C94CE /* STEP App */ = {
			isa = PBXGroup;
			children = (
				80AF32821AAE5AA6006C94CE /* STEP App-Bridging-Header.h */,
				80AF31861AAC8E08006C94CE /* Supporting Files */,
				80AF32711AADFE38006C94CE /* SWRevealView */,
				80AF32211AAD2611006C94CE /* Frameworks */,
				80AF31881AAC8E08006C94CE /* AppDelegate.swift */,
				80AF31941AAC8E08006C94CE /* LaunchScreen.xib */,
				80AF318A1AAC8E08006C94CE /* STEP_App.xcdatamodeld */,
				80AF31921AAC8E08006C94CE /* Images.xcassets */,
				80AF318F1AAC8E08006C94CE /* Main.storyboard */,
				804B23891AAF1BE80008EE81 /* Announcements */,
				804B238A1AAF1C190008EE81 /* Admin */,
				8026B31F1AAF8BEE001DC66A /* People */,
				8026B31A1AAF60A7001DC66A /* Calendar */,
			);
			path = "STEP App";
			sourceTree = "<group>";
		};
		80AF31861AAC8E08006C94CE /* Supporting Files */ = {
			isa = PBXGroup;
			children = (
				80AF31871AAC8E08006C94CE /* Info.plist */,
			);
			name = "Supporting Files";
			sourceTree = "<group>";
		};
		80AF319E1AAC8E08006C94CE /* STEP AppTests */ = {
			isa = PBXGroup;
			children = (
				80AF31A11AAC8E08006C94CE /* STEP_AppTests.swift */,
				80AF319F1AAC8E08006C94CE /* Supporting Files */,
			);
			path = "STEP AppTests";
			sourceTree = "<group>";
		};
		80AF319F1AAC8E08006C94CE /* Supporting Files */ = {
			isa = PBXGroup;
			children = (
				80AF31A01AAC8E08006C94CE /* Info.plist */,
			);
			name = "Supporting Files";
			sourceTree = "<group>";
		};
		80AF32211AAD2611006C94CE /* Frameworks */ = {
			isa = PBXGroup;
			children = (
				80C2E8DD1AAEAA47000C4CA6 /* Bolts.framework */,
				80C2E8DE1AAEAA47000C4CA6 /* Parse.framework */,
				80AF321F1AAD25EF006C94CE /* libsqlite3.dylib */,
				80AF321D1AAD25EA006C94CE /* libz.dylib */,
				80AF321B1AAD25E3006C94CE /* SystemConfiguration.framework */,
				80AF32191AAD25D8006C94CE /* StoreKit.framework */,
				80AF32171AAD25D4006C94CE /* Security.framework */,
				80AF32151AAD25CF006C94CE /* QuartzCore.framework */,
				80AF32131AAD25CA006C94CE /* MobileCoreServices.framework */,
				80AF32111AAD25C4006C94CE /* CoreLocation.framework */,
				80AF320F1AAD25BE006C94CE /* CoreGraphics.framework */,
				80AF320D1AAD25B8006C94CE /* CFNetwork.framework */,
				80AF320B1AAD25B3006C94CE /* AudioToolbox.framework */,
			);
			name = Frameworks;
			path = ..;
			sourceTree = "<group>";
		};
		80AF32711AADFE38006C94CE /* SWRevealView */ = {
			isa = PBXGroup;
			children = (
				80AF326C1AADF164006C94CE /* SWRevealViewController.h */,
				80AF326D1AADF164006C94CE /* SWRevealViewController.m */,
			);
			name = SWRevealView;
			sourceTree = "<group>";
		};
/* End PBXGroup section */

/* Begin PBXNativeTarget section */
		80AF31821AAC8E08006C94CE /* STEP App */ = {
			isa = PBXNativeTarget;
			buildConfigurationList = 80AF31A51AAC8E08006C94CE /* Build configuration list for PBXNativeTarget "STEP App" */;
			buildPhases = (
				80AF317F1AAC8E08006C94CE /* Sources */,
				80AF31801AAC8E08006C94CE /* Frameworks */,
				80AF31811AAC8E08006C94CE /* Resources */,
			);
			buildRules = (
			);
			dependencies = (
			);
			name = "STEP App";
			productName = "STEP App";
			productReference = 80AF31831AAC8E08006C94CE /* STEP App.app */;
			productType = "com.apple.product-type.application";
		};
		80AF319A1AAC8E08006C94CE /* STEP AppTests */ = {
			isa = PBXNativeTarget;
			buildConfigurationList = 80AF31A81AAC8E08006C94CE /* Build configuration list for PBXNativeTarget "STEP AppTests" */;
			buildPhases = (
				80AF31971AAC8E08006C94CE /* Sources */,
				80AF31981AAC8E08006C94CE /* Frameworks */,
				80AF31991AAC8E08006C94CE /* Resources */,
			);
			buildRules = (
			);
			dependencies = (
				80AF319D1AAC8E08006C94CE /* PBXTargetDependency */,
			);
			name = "STEP AppTests";
			productName = "STEP AppTests";
			productReference = 80AF319B1AAC8E08006C94CE /* STEP AppTests.xctest */;
			productType = "com.apple.product-type.bundle.unit-test";
		};
/* End PBXNativeTarget section */

/* Begin PBXProject section */
		80AF317B1AAC8E08006C94CE /* Project object */ = {
			isa = PBXProject;
			attributes = {
				LastUpgradeCheck = 0610;
				ORGANIZATIONNAME = OSApps;
				TargetAttributes = {
					80AF31821AAC8E08006C94CE = {
						CreatedOnToolsVersion = 6.1.1;
						DevelopmentTeam = 75DR37G5C2;
					};
					80AF319A1AAC8E08006C94CE = {
						CreatedOnToolsVersion = 6.1.1;
						TestTargetID = 80AF31821AAC8E08006C94CE;
					};
				};
			};
			buildConfigurationList = 80AF317E1AAC8E08006C94CE /* Build configuration list for PBXProject "STEP App" */;
			compatibilityVersion = "Xcode 3.2";
			developmentRegion = English;
			hasScannedForEncodings = 0;
			knownRegions = (
				en,
				Base,
			);
			mainGroup = 80AF317A1AAC8E08006C94CE;
			productRefGroup = 80AF31841AAC8E08006C94CE /* Products */;
			projectDirPath = "";
			projectRoot = "";
			targets = (
				80AF31821AAC8E08006C94CE /* STEP App */,
				80AF319A1AAC8E08006C94CE /* STEP AppTests */,
			);
		};
/* End PBXProject section */

/* Begin PBXResourcesBuildPhase section */
		80AF31811AAC8E08006C94CE /* Resources */ = {
			isa = PBXResourcesBuildPhase;
			buildActionMask = 2147483647;
			files = (
				80AF31911AAC8E08006C94CE /* Main.storyboard in Resources */,
				80AF31961AAC8E08006C94CE /* LaunchScreen.xib in Resources */,
				80AF31931AAC8E08006C94CE /* Images.xcassets in Resources */,
			);
			runOnlyForDeploymentPostprocessing = 0;
		};
		80AF31991AAC8E08006C94CE /* Resources */ = {
			isa = PBXResourcesBuildPhase;
			buildActionMask = 2147483647;
			files = (
			);
			runOnlyForDeploymentPostprocessing = 0;
		};
/* End PBXResourcesBuildPhase section */

/* Begin PBXSourcesBuildPhase section */
		80AF317F1AAC8E08006C94CE /* Sources */ = {
			isa = PBXSourcesBuildPhase;
			buildActionMask = 2147483647;
			files = (
				80D663911AAE805900433C79 /* Announcement.swift in Sources */,
				80AF32041AAD1E4A006C94CE /* AnnouncementsTableViewController.swift in Sources */,
				80AF32731AAE00DC006C94CE /* AdminTableViewController.swift in Sources */,
				80B34B7D1AB64A2600D0AABF /* CalendarTableViewCell.swift in Sources */,
				8026B31C1AAF60C5001DC66A /* CalendarTableViewController.swift in Sources */,
				8026B31E1AAF8BE9001DC66A /* PeopleTableViewController.swift in Sources */,
				80AF327D1AAE3E14006C94CE /* PostAnnouncementTableViewController.swift in Sources */,
				80DD6E211AAF1132001D4479 /* MiscPostTableViewController.swift in Sources */,
				80AF32061AAD21CE006C94CE /* AnnoucementTableViewCell.swift in Sources */,
				80AF32751AAE08D9006C94CE /* SideMenuTableViewController.swift in Sources */,
				80AF31891AAC8E08006C94CE /* AppDelegate.swift in Sources */,
				80AF318C1AAC8E08006C94CE /* STEP_App.xcdatamodeld in Sources */,
				80D6638F1AAE7E5600433C79 /* MiscAnnouncementsTableViewController.swift in Sources */,
				80D6638D1AAE7B7C00433C79 /* AnnouncementsConentTableViewController.swift in Sources */,
				80D353A41AAF44030095FFE3 /* MiscAnnouncementTableViewCell.swift in Sources */,
				80AF326E1AADF164006C94CE /* SWRevealViewController.m in Sources */,
			);
			runOnlyForDeploymentPostprocessing = 0;
		};
		80AF31971AAC8E08006C94CE /* Sources */ = {
			isa = PBXSourcesBuildPhase;
			buildActionMask = 2147483647;
			files = (
				80AF31A21AAC8E08006C94CE /* STEP_AppTests.swift in Sources */,
			);
			runOnlyForDeploymentPostprocessing = 0;
		};
/* End PBXSourcesBuildPhase section */

/* Begin PBXTargetDependency section */
		80AF319D1AAC8E08006C94CE /* PBXTargetDependency */ = {
			isa = PBXTargetDependency;
			target = 80AF31821AAC8E08006C94CE /* STEP App */;
			targetProxy = 80AF319C1AAC8E08006C94CE /* PBXContainerItemProxy */;
		};
/* End PBXTargetDependency section */

/* Begin PBXVariantGroup section */
		80AF318F1AAC8E08006C94CE /* Main.storyboard */ = {
			isa = PBXVariantGroup;
			children = (
				80AF31901AAC8E08006C94CE /* Base */,
			);
			name = Main.storyboard;
			sourceTree = "<group>";
		};
		80AF31941AAC8E08006C94CE /* LaunchScreen.xib */ = {
			isa = PBXVariantGroup;
			children = (
				80AF31951AAC8E08006C94CE /* Base */,
			);
			name = LaunchScreen.xib;
			sourceTree = "<group>";
		};
/* End PBXVariantGroup section */

/* Begin XCBuildConfiguration section */
		80AF31A31AAC8E08006C94CE /* Debug */ = {
			isa = XCBuildConfiguration;
			buildSettings = {
				ALWAYS_SEARCH_USER_PATHS = NO;
				CLANG_CXX_LANGUAGE_STANDARD = "gnu++0x";
				CLANG_CXX_LIBRARY = "libc++";
				CLANG_ENABLE_MODULES = YES;
				CLANG_ENABLE_OBJC_ARC = YES;
				CLANG_WARN_BOOL_CONVERSION = YES;
				CLANG_WARN_CONSTANT_CONVERSION = YES;
				CLANG_WARN_DIRECT_OBJC_ISA_USAGE = YES_ERROR;
				CLANG_WARN_EMPTY_BODY = YES;
				CLANG_WARN_ENUM_CONVERSION = YES;
				CLANG_WARN_INT_CONVERSION = YES;
				CLANG_WARN_OBJC_ROOT_CLASS = YES_ERROR;
				CLANG_WARN_UNREACHABLE_CODE = YES;
				CLANG_WARN__DUPLICATE_METHOD_MATCH = YES;
				CODE_SIGN_IDENTITY = "iPhone Developer";
				"CODE_SIGN_IDENTITY[sdk=iphoneos*]" = "iPhone Developer";
				COPY_PHASE_STRIP = NO;
				ENABLE_STRICT_OBJC_MSGSEND = YES;
				GCC_C_LANGUAGE_STANDARD = gnu99;
				GCC_DYNAMIC_NO_PIC = NO;
				GCC_OPTIMIZATION_LEVEL = 0;
				GCC_PREPROCESSOR_DEFINITIONS = (
					"DEBUG=1",
					"$(inherited)",
				);
				GCC_SYMBOLS_PRIVATE_EXTERN = NO;
				GCC_WARN_64_TO_32_BIT_CONVERSION = YES;
				GCC_WARN_ABOUT_RETURN_TYPE = YES_ERROR;
				GCC_WARN_UNDECLARED_SELECTOR = YES;
				GCC_WARN_UNINITIALIZED_AUTOS = YES_AGGRESSIVE;
				GCC_WARN_UNUSED_FUNCTION = YES;
				GCC_WARN_UNUSED_VARIABLE = YES;
				IPHONEOS_DEPLOYMENT_TARGET = 8.1;
				MTL_ENABLE_DEBUG_INFO = YES;
				ONLY_ACTIVE_ARCH = YES;
				PROVISIONING_PROFILE = "";
				SDKROOT = iphoneos;
				SWIFT_OPTIMIZATION_LEVEL = "-Onone";
			};
			name = Debug;
		};
		80AF31A41AAC8E08006C94CE /* Release */ = {
			isa = XCBuildConfiguration;
			buildSettings = {
				ALWAYS_SEARCH_USER_PATHS = NO;
				CLANG_CXX_LANGUAGE_STANDARD = "gnu++0x";
				CLANG_CXX_LIBRARY = "libc++";
				CLANG_ENABLE_MODULES = YES;
				CLANG_ENABLE_OBJC_ARC = YES;
				CLANG_WARN_BOOL_CONVERSION = YES;
				CLANG_WARN_CONSTANT_CONVERSION = YES;
				CLANG_WARN_DIRECT_OBJC_ISA_USAGE = YES_ERROR;
				CLANG_WARN_EMPTY_BODY = YES;
				CLANG_WARN_ENUM_CONVERSION = YES;
				CLANG_WARN_INT_CONVERSION = YES;
				CLANG_WARN_OBJC_ROOT_CLASS = YES_ERROR;
				CLANG_WARN_UNREACHABLE_CODE = YES;
				CLANG_WARN__DUPLICATE_METHOD_MATCH = YES;
				CODE_SIGN_IDENTITY = "iPhone Developer";
				"CODE_SIGN_IDENTITY[sdk=iphoneos*]" = "iPhone Developer";
				COPY_PHASE_STRIP = YES;
				ENABLE_NS_ASSERTIONS = NO;
				ENABLE_STRICT_OBJC_MSGSEND = YES;
				GCC_C_LANGUAGE_STANDARD = gnu99;
				GCC_WARN_64_TO_32_BIT_CONVERSION = YES;
				GCC_WARN_ABOUT_RETURN_TYPE = YES_ERROR;
				GCC_WARN_UNDECLARED_SELECTOR = YES;
				GCC_WARN_UNINITIALIZED_AUTOS = YES_AGGRESSIVE;
				GCC_WARN_UNUSED_FUNCTION = YES;
				GCC_WARN_UNUSED_VARIABLE = YES;
				IPHONEOS_DEPLOYMENT_TARGET = 8.1;
				MTL_ENABLE_DEBUG_INFO = NO;
				PROVISIONING_PROFILE = "";
				SDKROOT = iphoneos;
				VALIDATE_PRODUCT = YES;
			};
			name = Release;
		};
		80AF31A61AAC8E08006C94CE /* Debug */ = {
			isa = XCBuildConfiguration;
			buildSettings = {
				ASSETCATALOG_COMPILER_APPICON_NAME = AppIcon;
				CLANG_ENABLE_MODULES = YES;
				CODE_SIGN_IDENTITY = "iPhone Developer";
				"CODE_SIGN_IDENTITY[sdk=iphoneos*]" = "iPhone Developer";
				FRAMEWORK_SEARCH_PATHS = "$(PROJECT_DIR)/parse-library-1.6.4";
				INFOPLIST_FILE = "STEP App/Info.plist";
				LD_RUNPATH_SEARCH_PATHS = "$(inherited) @executable_path/Frameworks";
				PRODUCT_NAME = "$(TARGET_NAME)";
				PROVISIONING_PROFILE = "";
				SWIFT_OBJC_BRIDGING_HEADER = "STEP App/STEP App-Bridging-Header.h";
				SWIFT_OPTIMIZATION_LEVEL = "-Onone";
			};
			name = Debug;
		};
		80AF31A71AAC8E08006C94CE /* Release */ = {
			isa = XCBuildConfiguration;
			buildSettings = {
				ASSETCATALOG_COMPILER_APPICON_NAME = AppIcon;
				CLANG_ENABLE_MODULES = YES;
				CODE_SIGN_IDENTITY = "iPhone Developer";
				"CODE_SIGN_IDENTITY[sdk=iphoneos*]" = "iPhone Developer";
				FRAMEWORK_SEARCH_PATHS = "$(PROJECT_DIR)/parse-library-1.6.4";
				INFOPLIST_FILE = "STEP App/Info.plist";
				LD_RUNPATH_SEARCH_PATHS = "$(inherited) @executable_path/Frameworks";
				PRODUCT_NAME = "$(TARGET_NAME)";
				PROVISIONING_PROFILE = "";
				SWIFT_OBJC_BRIDGING_HEADER = "STEP App/STEP App-Bridging-Header.h";
			};
			name = Release;
		};
		80AF31A91AAC8E08006C94CE /* Debug */ = {
			isa = XCBuildConfiguration;
			buildSettings = {
				BUNDLE_LOADER = "$(TEST_HOST)";
				FRAMEWORK_SEARCH_PATHS = (
					"$(SDKROOT)/Developer/Library/Frameworks",
					"$(inherited)",
				);
				GCC_PREPROCESSOR_DEFINITIONS = (
					"DEBUG=1",
					"$(inherited)",
				);
				INFOPLIST_FILE = "STEP AppTests/Info.plist";
				LD_RUNPATH_SEARCH_PATHS = "$(inherited) @executable_path/Frameworks @loader_path/Frameworks";
				PRODUCT_NAME = "$(TARGET_NAME)";
				TEST_HOST = "$(BUILT_PRODUCTS_DIR)/STEP App.app/STEP App";
			};
			name = Debug;
		};
		80AF31AA1AAC8E08006C94CE /* Release */ = {
			isa = XCBuildConfiguration;
			buildSettings = {
				BUNDLE_LOADER = "$(TEST_HOST)";
				FRAMEWORK_SEARCH_PATHS = (
					"$(SDKROOT)/Developer/Library/Frameworks",
					"$(inherited)",
				);
				INFOPLIST_FILE = "STEP AppTests/Info.plist";
				LD_RUNPATH_SEARCH_PATHS = "$(inherited) @executable_path/Frameworks @loader_path/Frameworks";
				PRODUCT_NAME = "$(TARGET_NAME)";
				TEST_HOST = "$(BUILT_PRODUCTS_DIR)/STEP App.app/STEP App";
			};
			name = Release;
		};
/* End XCBuildConfiguration section */

/* Begin XCConfigurationList section */
		80AF317E1AAC8E08006C94CE /* Build configuration list for PBXProject "STEP App" */ = {
			isa = XCConfigurationList;
			buildConfigurations = (
				80AF31A31AAC8E08006C94CE /* Debug */,
				80AF31A41AAC8E08006C94CE /* Release */,
			);
			defaultConfigurationIsVisible = 0;
			defaultConfigurationName = Release;
		};
		80AF31A51AAC8E08006C94CE /* Build configuration list for PBXNativeTarget "STEP App" */ = {
			isa = XCConfigurationList;
			buildConfigurations = (
				80AF31A61AAC8E08006C94CE /* Debug */,
				80AF31A71AAC8E08006C94CE /* Release */,
			);
			defaultConfigurationIsVisible = 0;
			defaultConfigurationName = Release;
		};
		80AF31A81AAC8E08006C94CE /* Build configuration list for PBXNativeTarget "STEP AppTests" */ = {
			isa = XCConfigurationList;
			buildConfigurations = (
				80AF31A91AAC8E08006C94CE /* Debug */,
				80AF31AA1AAC8E08006C94CE /* Release */,
			);
			defaultConfigurationIsVisible = 0;
			defaultConfigurationName = Release;
		};
/* End XCConfigurationList section */

/* Begin XCVersionGroup section */
		80AF318A1AAC8E08006C94CE /* STEP_App.xcdatamodeld */ = {
			isa = XCVersionGroup;
			children = (
				80AF318B1AAC8E08006C94CE /* STEP_App.xcdatamodel */,
			);
			currentVersion = 80AF318B1AAC8E08006C94CE /* STEP_App.xcdatamodel */;
			path = STEP_App.xcdatamodeld;
			sourceTree = "<group>";
			versionGroupType = wrapper.xcdatamodel;
		};
/* End XCVersionGroup section */
	};
	rootObject = 80AF317B1AAC8E08006C94CE /* Project object */;
}
